Microsoft Visual Studio Solution File, Format Version 12.00
# Visual Studio 14
VisualStudioVersion = 14.0.24720.0
MinimumVisualStudioVersion = 10.0.40219.1
Project("{FAE04EC0-301F-11D3-BF4B-00C04F79EFBC}") = "Mdoc.Org.Uk.Championship.Library", "Mdoc.Org.Uk.Championship.Library\Mdoc.Org.Uk.Championship.Library.csproj", "{EC0C1A91-860D-4975-BB54-2C8ED805473A}"
EndProject
Project("{FAE04EC0-301F-11D3-BF4B-00C04F79EFBC}") = "Mdoc.Org.Uk.Championship.Forms", "Mdoc.Org.Uk.Championship.Forms\Mdoc.Org.Uk.Championship.Forms.csproj", "{328F8A4F-7CB9-4C58-948D-65C4113038A1}"
EndProject
Global
	GlobalSection(SolutionConfigurationPlatforms) = preSolution
		Debug|Any CPU = Debug|Any CPU
		Release|Any CPU = Release|Any CPU
	EndGlobalSection
	GlobalSection(ProjectConfigurationPlatforms) = postSolution
		{EC0C1A91-860D-4975-BB54-2C8ED805473A}.Debug|Any CPU.ActiveCfg = Debug|Any CPU
		{EC0C1A91-860D-4975-BB54-2C8ED805473A}.Debug|Any CPU.Build.0 = Debug|Any CPU
		{EC0C1A91-860D-4975-BB54-2C8ED805473A}.Release|Any CPU.ActiveCfg = Release|Any CPU
		{EC0C1A91-860D-4975-BB54-2C8ED805473A}.Release|Any CPU.Build.0 = Release|Any CPU
		{328F8A4F-7CB9-4C58-948D-65C4113038A1}.Debug|Any CPU.ActiveCfg = Debug|Any CPU
		{328F8A4F-7CB9-4C58-948D-65C4113038A1}.Debug|Any CPU.Build.0 = Debug|Any CPU
		{328F8A4F-7CB9-4C58-948D-65C4113038A1}.Release|Any CPU.ActiveCfg = Release|Any CPU
		{328F8A4F-7CB9-4C58-948D-65C4113038A1}.Release|Any CPU.Build.0 = Release|Any CPU
	EndGlobalSection
	GlobalSection(SolutionProperties) = preSolution
		HideSolutionNode = FALSE
	EndGlobalSection
EndGlobal
